
Microsoft Visual Studio Solution File, Format Version 12.00
# Visual Studio 14
VisualStudioVersion = 14.0.25420.1
MinimumVisualStudioVersion = 10.0.40219.1
Project("{FAE04EC0-301F-11D3-BF4B-00C04F79EFBC}") = "InfusionGames.CityScramble.Droid", "InfusionGames.CityScramble\InfusionGames.CityScramble.Droid\InfusionGames.CityScramble.Droid.csproj", "{521C7B74-DDED-41C9-984E-A4CB7CD3609F}"
EndProject
Project("{FAE04EC0-301F-11D3-BF4B-00C04F79EFBC}") = "InfusionGames.CityScramble.iOS", "InfusionGames.CityScramble\InfusionGames.CityScramble.iOS\InfusionGames.CityScramble.iOS.csproj", "{F30C755E-5379-4181-8E6B-F536AE49AD2B}"
EndProject
Project("{FAE04EC0-301F-11D3-BF4B-00C04F79EFBC}") = "InfusionGames.CityScramble", "InfusionGames.CityScramble\InfusionGames.CityScramble\InfusionGames.CityScramble.csproj", "{AD994EAF-9038-4D9A-8791-DBC3C866C756}"
EndProject
Project("{D954291E-2A0B-460D-934E-DC6B0785DB48}") = "InfusionGames.CityScramble.Tests", "InfusionGames.CityScramble\InfusionGames.CityScramble.Tests\InfusionGames.CityScramble.Tests.shproj", "{BD131412-0F77-405A-8AC4-0E1FBC1F43E4}"
EndProject
Project("{FAE04EC0-301F-11D3-BF4B-00C04F79EFBC}") = "InfusionGames.CityScramble.iOS.Tests", "InfusionGames.CityScramble\InfusionGames.CityScramble.iOS.Tests\InfusionGames.CityScramble.iOS.Tests.csproj", "{75C2AF70-2FF4-44EC-92C6-40EA35A60CD0}"
EndProject
Project("{FAE04EC0-301F-11D3-BF4B-00C04F79EFBC}") = "InfusionGames.CityScramble.UWP", "InfusionGames.CityScramble\InfusionGames.CityScramble.UWP\InfusionGames.CityScramble.UWP.csproj", "{0870AAA0-EECE-401E-B532-0656461A647F}"
EndProject
Global
	GlobalSection(SharedMSBuildProjectFiles) = preSolution
		InfusionGames.CityScramble\InfusionGames.CityScramble.Tests\InfusionGames.CityScramble.Tests.projitems*{75c2af70-2ff4-44ec-92c6-40ea35a60cd0}*SharedItemsImports = 4
		InfusionGames.CityScramble\InfusionGames.CityScramble.Tests\InfusionGames.CityScramble.Tests.projitems*{bd131412-0f77-405a-8ac4-0e1fbc1f43e4}*SharedItemsImports = 13
	EndGlobalSection
	GlobalSection(SolutionConfigurationPlatforms) = preSolution
		Ad-Hoc|Any CPU = Ad-Hoc|Any CPU
		Ad-Hoc|ARM = Ad-Hoc|ARM
		Ad-Hoc|iPhone = Ad-Hoc|iPhone
		Ad-Hoc|iPhoneSimulator = Ad-Hoc|iPhoneSimulator
		Ad-Hoc|x64 = Ad-Hoc|x64
		Ad-Hoc|x86 = Ad-Hoc|x86
		AppStore|Any CPU = AppStore|Any CPU
		AppStore|ARM = AppStore|ARM
		AppStore|iPhone = AppStore|iPhone
		AppStore|iPhoneSimulator = AppStore|iPhoneSimulator
		AppStore|x64 = AppStore|x64
		AppStore|x86 = AppStore|x86
		Debug|Any CPU = Debug|Any CPU
		Debug|ARM = Debug|ARM
		Debug|iPhone = Debug|iPhone
		Debug|iPhoneSimulator = Debug|iPhoneSimulator
		Debug|x64 = Debug|x64
		Debug|x86 = Debug|x86
		Release|Any CPU = Release|Any CPU
		Release|ARM = Release|ARM
		Release|iPhone = Release|iPhone
		Release|iPhoneSimulator = Release|iPhoneSimulator
		Release|x64 = Release|x64
		Release|x86 = Release|x86
	EndGlobalSection
	GlobalSection(ProjectConfigurationPlatforms) = postSolution
		{521C7B74-DDED-41C9-984E-A4CB7CD3609F}.Ad-Hoc|Any CPU.ActiveCfg = Release|Any CPU
		{521C7B74-DDED-41C9-984E-A4CB7CD3609F}.Ad-Hoc|Any CPU.Build.0 = Release|Any CPU
		{521C7B74-DDED-41C9-984E-A4CB7CD3609F}.Ad-Hoc|Any CPU.Deploy.0 = Release|Any CPU
		{521C7B74-DDED-41C9-984E-A4CB7CD3609F}.Ad-Hoc|ARM.ActiveCfg = Release|Any CPU
		{521C7B74-DDED-41C9-984E-A4CB7CD3609F}.Ad-Hoc|ARM.Build.0 = Release|Any CPU
		{521C7B74-DDED-41C9-984E-A4CB7CD3609F}.Ad-Hoc|ARM.Deploy.0 = Release|Any CPU
		{521C7B74-DDED-41C9-984E-A4CB7CD3609F}.Ad-Hoc|iPhone.ActiveCfg = Release|Any CPU
		{521C7B74-DDED-41C9-984E-A4CB7CD3609F}.Ad-Hoc|iPhone.Build.0 = Release|Any CPU
		{521C7B74-DDED-41C9-984E-A4CB7CD3609F}.Ad-Hoc|iPhone.Deploy.0 = Release|Any CPU
		{521C7B74-DDED-41C9-984E-A4CB7CD3609F}.Ad-Hoc|iPhoneSimulator.ActiveCfg = Release|Any CPU
		{521C7B74-DDED-41C9-984E-A4CB7CD3609F}.Ad-Hoc|iPhoneSimulator.Build.0 = Release|Any CPU
		{521C7B74-DDED-41C9-984E-A4CB7CD3609F}.Ad-Hoc|iPhoneSimulator.Deploy.0 = Release|Any CPU
		{521C7B74-DDED-41C9-984E-A4CB7CD3609F}.Ad-Hoc|x64.ActiveCfg = Release|Any CPU
		{521C7B74-DDED-41C9-984E-A4CB7CD3609F}.Ad-Hoc|x64.Build.0 = Release|Any CPU
		{521C7B74-DDED-41C9-984E-A4CB7CD3609F}.Ad-Hoc|x64.Deploy.0 = Release|Any CPU
		{521C7B74-DDED-41C9-984E-A4CB7CD3609F}.Ad-Hoc|x86.ActiveCfg = Release|Any CPU
		{521C7B74-DDED-41C9-984E-A4CB7CD3609F}.Ad-Hoc|x86.Build.0 = Release|Any CPU
		{521C7B74-DDED-41C9-984E-A4CB7CD3609F}.Ad-Hoc|x86.Deploy.0 = Release|Any CPU
		{521C7B74-DDED-41C9-984E-A4CB7CD3609F}.AppStore|Any CPU.ActiveCfg = Release|Any CPU
		{521C7B74-DDED-41C9-984E-A4CB7CD3609F}.AppStore|Any CPU.Build.0 = Release|Any CPU
		{521C7B74-DDED-41C9-984E-A4CB7CD3609F}.AppStore|Any CPU.Deploy.0 = Release|Any CPU
		{521C7B74-DDED-41C9-984E-A4CB7CD3609F}.AppStore|ARM.ActiveCfg = Release|Any CPU
		{521C7B74-DDED-41C9-984E-A4CB7CD3609F}.AppStore|ARM.Build.0 = Release|Any CPU
		{521C7B74-DDED-41C9-984E-A4CB7CD3609F}.AppStore|ARM.Deploy.0 = Release|Any CPU
		{521C7B74-DDED-41C9-984E-A4CB7CD3609F}.AppStore|iPhone.ActiveCfg = Release|Any CPU
		{521C7B74-DDED-41C9-984E-A4CB7CD3609F}.AppStore|iPhone.Build.0 = Release|Any CPU
		{521C7B74-DDED-41C9-984E-A4CB7CD3609F}.AppStore|iPhone.Deploy.0 = Release|Any CPU
		{521C7B74-DDED-41C9-984E-A4CB7CD3609F}.AppStore|iPhoneSimulator.ActiveCfg = Release|Any CPU
		{521C7B74-DDED-41C9-984E-A4CB7CD3609F}.AppStore|iPhoneSimulator.Build.0 = Release|Any CPU
		{521C7B74-DDED-41C9-984E-A4CB7CD3609F}.AppStore|iPhoneSimulator.Deploy.0 = Release|Any CPU
		{521C7B74-DDED-41C9-984E-A4CB7CD3609F}.AppStore|x64.ActiveCfg = Release|Any CPU
		{521C7B74-DDED-41C9-984E-A4CB7CD3609F}.AppStore|x64.Build.0 = Release|Any CPU
		{521C7B74-DDED-41C9-984E-A4CB7CD3609F}.AppStore|x64.Deploy.0 = Release|Any CPU
		{521C7B74-DDED-41C9-984E-A4CB7CD3609F}.AppStore|x86.ActiveCfg = Release|Any CPU
		{521C7B74-DDED-41C9-984E-A4CB7CD3609F}.AppStore|x86.Build.0 = Release|Any CPU
		{521C7B74-DDED-41C9-984E-A4CB7CD3609F}.AppStore|x86.Deploy.0 = Release|Any CPU
		{521C7B74-DDED-41C9-984E-A4CB7CD3609F}.Debug|Any CPU.ActiveCfg = Debug|Any CPU
		{521C7B74-DDED-41C9-984E-A4CB7CD3609F}.Debug|Any CPU.Build.0 = Debug|Any CPU
		{521C7B74-DDED-41C9-984E-A4CB7CD3609F}.Debug|Any CPU.Deploy.0 = Debug|Any CPU
		{521C7B74-DDED-41C9-984E-A4CB7CD3609F}.Debug|ARM.ActiveCfg = Debug|Any CPU
		{521C7B74-DDED-41C9-984E-A4CB7CD3609F}.Debug|ARM.Build.0 = Debug|Any CPU
		{521C7B74-DDED-41C9-984E-A4CB7CD3609F}.Debug|ARM.Deploy.0 = Debug|Any CPU
		{521C7B74-DDED-41C9-984E-A4CB7CD3609F}.Debug|iPhone.ActiveCfg = Debug|Any CPU
		{521C7B74-DDED-41C9-984E-A4CB7CD3609F}.Debug|iPhone.Build.0 = Debug|Any CPU
		{521C7B74-DDED-41C9-984E-A4CB7CD3609F}.Debug|iPhone.Deploy.0 = Debug|Any CPU
		{521C7B74-DDED-41C9-984E-A4CB7CD3609F}.Debug|iPhoneSimulator.ActiveCfg = Debug|Any CPU
		{521C7B74-DDED-41C9-984E-A4CB7CD3609F}.Debug|iPhoneSimulator.Build.0 = Debug|Any CPU
		{521C7B74-DDED-41C9-984E-A4CB7CD3609F}.Debug|iPhoneSimulator.Deploy.0 = Debug|Any CPU
		{521C7B74-DDED-41C9-984E-A4CB7CD3609F}.Debug|x64.ActiveCfg = Debug|Any CPU
		{521C7B74-DDED-41C9-984E-A4CB7CD3609F}.Debug|x64.Build.0 = Debug|Any CPU
		{521C7B74-DDED-41C9-984E-A4CB7CD3609F}.Debug|x64.Deploy.0 = Debug|Any CPU
		{521C7B74-DDED-41C9-984E-A4CB7CD3609F}.Debug|x86.ActiveCfg = Debug|Any CPU
		{521C7B74-DDED-41C9-984E-A4CB7CD3609F}.Debug|x86.Build.0 = Debug|Any CPU
		{521C7B74-DDED-41C9-984E-A4CB7CD3609F}.Debug|x86.Deploy.0 = Debug|Any CPU
		{521C7B74-DDED-41C9-984E-A4CB7CD3609F}.Release|Any CPU.ActiveCfg = Release|Any CPU
		{521C7B74-DDED-41C9-984E-A4CB7CD3609F}.Release|Any CPU.Build.0 = Release|Any CPU
		{521C7B74-DDED-41C9-984E-A4CB7CD3609F}.Release|Any CPU.Deploy.0 = Release|Any CPU
		{521C7B74-DDED-41C9-984E-A4CB7CD3609F}.Release|ARM.ActiveCfg = Release|Any CPU
		{521C7B74-DDED-41C9-984E-A4CB7CD3609F}.Release|ARM.Build.0 = Release|Any CPU
		{521C7B74-DDED-41C9-984E-A4CB7CD3609F}.Release|ARM.Deploy.0 = Release|Any CPU
		{521C7B74-DDED-41C9-984E-A4CB7CD3609F}.Release|iPhone.ActiveCfg = Release|Any CPU
		{521C7B74-DDED-41C9-984E-A4CB7CD3609F}.Release|iPhone.Build.0 = Release|Any CPU
		{521C7B74-DDED-41C9-984E-A4CB7CD3609F}.Release|iPhone.Deploy.0 = Release|Any CPU
		{521C7B74-DDED-41C9-984E-A4CB7CD3609F}.Release|iPhoneSimulator.ActiveCfg = Release|Any CPU
		{521C7B74-DDED-41C9-984E-A4CB7CD3609F}.Release|iPhoneSimulator.Build.0 = Release|Any CPU
		{521C7B74-DDED-41C9-984E-A4CB7CD3609F}.Release|iPhoneSimulator.Deploy.0 = Release|Any CPU
		{521C7B74-DDED-41C9-984E-A4CB7CD3609F}.Release|x64.ActiveCfg = Release|Any CPU
		{521C7B74-DDED-41C9-984E-A4CB7CD3609F}.Release|x64.Build.0 = Release|Any CPU
		{521C7B74-DDED-41C9-984E-A4CB7CD3609F}.Release|x64.Deploy.0 = Release|Any CPU
		{521C7B74-DDED-41C9-984E-A4CB7CD3609F}.Release|x86.ActiveCfg = Release|Any CPU
		{521C7B74-DDED-41C9-984E-A4CB7CD3609F}.Release|x86.Build.0 = Release|Any CPU
		{521C7B74-DDED-41C9-984E-A4CB7CD3609F}.Release|x86.Deploy.0 = Release|Any CPU
		{F30C755E-5379-4181-8E6B-F536AE49AD2B}.Ad-Hoc|Any CPU.ActiveCfg = Ad-Hoc|iPhone
		{F30C755E-5379-4181-8E6B-F536AE49AD2B}.Ad-Hoc|ARM.ActiveCfg = Ad-Hoc|iPhone
		{F30C755E-5379-4181-8E6B-F536AE49AD2B}.Ad-Hoc|iPhone.ActiveCfg = Ad-Hoc|iPhone
		{F30C755E-5379-4181-8E6B-F536AE49AD2B}.Ad-Hoc|iPhone.Build.0 = Ad-Hoc|iPhone
		{F30C755E-5379-4181-8E6B-F536AE49AD2B}.Ad-Hoc|iPhoneSimulator.ActiveCfg = Ad-Hoc|iPhoneSimulator
		{F30C755E-5379-4181-8E6B-F536AE49AD2B}.Ad-Hoc|iPhoneSimulator.Build.0 = Ad-Hoc|iPhoneSimulator
		{F30C755E-5379-4181-8E6B-F536AE49AD2B}.Ad-Hoc|x64.ActiveCfg = Ad-Hoc|iPhone
		{F30C755E-5379-4181-8E6B-F536AE49AD2B}.Ad-Hoc|x86.ActiveCfg = Ad-Hoc|iPhone
		{F30C755E-5379-4181-8E6B-F536AE49AD2B}.AppStore|Any CPU.ActiveCfg = AppStore|iPhone
		{F30C755E-5379-4181-8E6B-F536AE49AD2B}.AppStore|ARM.ActiveCfg = AppStore|iPhone
		{F30C755E-5379-4181-8E6B-F536AE49AD2B}.AppStore|iPhone.ActiveCfg = AppStore|iPhone
		{F30C755E-5379-4181-8E6B-F536AE49AD2B}.AppStore|iPhone.Build.0 = AppStore|iPhone
		{F30C755E-5379-4181-8E6B-F536AE49AD2B}.AppStore|iPhoneSimulator.ActiveCfg = AppStore|iPhoneSimulator
		{F30C755E-5379-4181-8E6B-F536AE49AD2B}.AppStore|iPhoneSimulator.Build.0 = AppStore|iPhoneSimulator
		{F30C755E-5379-4181-8E6B-F536AE49AD2B}.AppStore|x64.ActiveCfg = AppStore|iPhone
		{F30C755E-5379-4181-8E6B-F536AE49AD2B}.AppStore|x86.ActiveCfg = AppStore|iPhone
		{F30C755E-5379-4181-8E6B-F536AE49AD2B}.Debug|Any CPU.ActiveCfg = Debug|iPhone
		{F30C755E-5379-4181-8E6B-F536AE49AD2B}.Debug|ARM.ActiveCfg = Debug|iPhone
		{F30C755E-5379-4181-8E6B-F536AE49AD2B}.Debug|iPhone.ActiveCfg = Debug|iPhone
		{F30C755E-5379-4181-8E6B-F536AE49AD2B}.Debug|iPhone.Build.0 = Debug|iPhone
		{F30C755E-5379-4181-8E6B-F536AE49AD2B}.Debug|iPhoneSimulator.ActiveCfg = Debug|iPhoneSimulator
		{F30C755E-5379-4181-8E6B-F536AE49AD2B}.Debug|iPhoneSimulator.Build.0 = Debug|iPhoneSimulator
		{F30C755E-5379-4181-8E6B-F536AE49AD2B}.Debug|x64.ActiveCfg = Debug|iPhone
		{F30C755E-5379-4181-8E6B-F536AE49AD2B}.Debug|x86.ActiveCfg = Debug|iPhone
		{F30C755E-5379-4181-8E6B-F536AE49AD2B}.Release|Any CPU.ActiveCfg = Release|iPhone
		{F30C755E-5379-4181-8E6B-F536AE49AD2B}.Release|ARM.ActiveCfg = Release|iPhone
		{F30C755E-5379-4181-8E6B-F536AE49AD2B}.Release|iPhone.ActiveCfg = Release|iPhone
		{F30C755E-5379-4181-8E6B-F536AE49AD2B}.Release|iPhone.Build.0 = Release|iPhone
		{F30C755E-5379-4181-8E6B-F536AE49AD2B}.Release|iPhoneSimulator.ActiveCfg = Release|iPhoneSimulator
		{F30C755E-5379-4181-8E6B-F536AE49AD2B}.Release|iPhoneSimulator.Build.0 = Release|iPhoneSimulator
		{F30C755E-5379-4181-8E6B-F536AE49AD2B}.Release|x64.ActiveCfg = Release|iPhone
		{F30C755E-5379-4181-8E6B-F536AE49AD2B}.Release|x86.ActiveCfg = Release|iPhone
		{AD994EAF-9038-4D9A-8791-DBC3C866C756}.Ad-Hoc|Any CPU.ActiveCfg = Release|Any CPU
		{AD994EAF-9038-4D9A-8791-DBC3C866C756}.Ad-Hoc|Any CPU.Build.0 = Release|Any CPU
		{AD994EAF-9038-4D9A-8791-DBC3C866C756}.Ad-Hoc|ARM.ActiveCfg = Release|Any CPU
		{AD994EAF-9038-4D9A-8791-DBC3C866C756}.Ad-Hoc|ARM.Build.0 = Release|Any CPU
		{AD994EAF-9038-4D9A-8791-DBC3C866C756}.Ad-Hoc|iPhone.ActiveCfg = Release|Any CPU
		{AD994EAF-9038-4D9A-8791-DBC3C866C756}.Ad-Hoc|iPhone.Build.0 = Release|Any CPU
		{AD994EAF-9038-4D9A-8791-DBC3C866C756}.Ad-Hoc|iPhoneSimulator.ActiveCfg = Release|Any CPU
		{AD994EAF-9038-4D9A-8791-DBC3C866C756}.Ad-Hoc|iPhoneSimulator.Build.0 = Release|Any CPU
		{AD994EAF-9038-4D9A-8791-DBC3C866C756}.Ad-Hoc|x64.ActiveCfg = Release|Any CPU
		{AD994EAF-9038-4D9A-8791-DBC3C866C756}.Ad-Hoc|x64.Build.0 = Release|Any CPU
		{AD994EAF-9038-4D9A-8791-DBC3C866C756}.Ad-Hoc|x86.ActiveCfg = Release|Any CPU
		{AD994EAF-9038-4D9A-8791-DBC3C866C756}.Ad-Hoc|x86.Build.0 = Release|Any CPU
		{AD994EAF-9038-4D9A-8791-DBC3C866C756}.AppStore|Any CPU.ActiveCfg = Release|Any CPU
		{AD994EAF-9038-4D9A-8791-DBC3C866C756}.AppStore|Any CPU.Build.0 = Release|Any CPU
		{AD994EAF-9038-4D9A-8791-DBC3C866C756}.AppStore|ARM.ActiveCfg = Release|Any CPU
		{AD994EAF-9038-4D9A-8791-DBC3C866C756}.AppStore|ARM.Build.0 = Release|Any CPU
		{AD994EAF-9038-4D9A-8791-DBC3C866C756}.AppStore|iPhone.ActiveCfg = Release|Any CPU
		{AD994EAF-9038-4D9A-8791-DBC3C866C756}.AppStore|iPhone.Build.0 = Release|Any CPU
		{AD994EAF-9038-4D9A-8791-DBC3C866C756}.AppStore|iPhoneSimulator.ActiveCfg = Release|Any CPU
		{AD994EAF-9038-4D9A-8791-DBC3C866C756}.AppStore|iPhoneSimulator.Build.0 = Release|Any CPU
		{AD994EAF-9038-4D9A-8791-DBC3C866C756}.AppStore|x64.ActiveCfg = Release|Any CPU
		{AD994EAF-9038-4D9A-8791-DBC3C866C756}.AppStore|x64.Build.0 = Release|Any CPU
		{AD994EAF-9038-4D9A-8791-DBC3C866C756}.AppStore|x86.ActiveCfg = Release|Any CPU
		{AD994EAF-9038-4D9A-8791-DBC3C866C756}.AppStore|x86.Build.0 = Release|Any CPU
		{AD994EAF-9038-4D9A-8791-DBC3C866C756}.Debug|Any CPU.ActiveCfg = Debug|Any CPU
		{AD994EAF-9038-4D9A-8791-DBC3C866C756}.Debug|Any CPU.Build.0 = Debug|Any CPU
		{AD994EAF-9038-4D9A-8791-DBC3C866C756}.Debug|ARM.ActiveCfg = Debug|Any CPU
		{AD994EAF-9038-4D9A-8791-DBC3C866C756}.Debug|ARM.Build.0 = Debug|Any CPU
		{AD994EAF-9038-4D9A-8791-DBC3C866C756}.Debug|iPhone.ActiveCfg = Debug|Any CPU
		{AD994EAF-9038-4D9A-8791-DBC3C866C756}.Debug|iPhone.Build.0 = Debug|Any CPU
		{AD994EAF-9038-4D9A-8791-DBC3C866C756}.Debug|iPhoneSimulator.ActiveCfg = Debug|Any CPU
		{AD994EAF-9038-4D9A-8791-DBC3C866C756}.Debug|iPhoneSimulator.Build.0 = Debug|Any CPU
		{AD994EAF-9038-4D9A-8791-DBC3C866C756}.Debug|x64.ActiveCfg = Debug|Any CPU
		{AD994EAF-9038-4D9A-8791-DBC3C866C756}.Debug|x64.Build.0 = Debug|Any CPU
		{AD994EAF-9038-4D9A-8791-DBC3C866C756}.Debug|x86.ActiveCfg = Debug|Any CPU
		{AD994EAF-9038-4D9A-8791-DBC3C866C756}.Debug|x86.Build.0 = Debug|Any CPU
		{AD994EAF-9038-4D9A-8791-DBC3C866C756}.Release|Any CPU.ActiveCfg = Release|Any CPU
		{AD994EAF-9038-4D9A-8791-DBC3C866C756}.Release|Any CPU.Build.0 = Release|Any CPU
		{AD994EAF-9038-4D9A-8791-DBC3C866C756}.Release|ARM.ActiveCfg = Release|Any CPU
		{AD994EAF-9038-4D9A-8791-DBC3C866C756}.Release|ARM.Build.0 = Release|Any CPU
		{AD994EAF-9038-4D9A-8791-DBC3C866C756}.Release|iPhone.ActiveCfg = Release|Any CPU
		{AD994EAF-9038-4D9A-8791-DBC3C866C756}.Release|iPhone.Build.0 = Release|Any CPU
		{AD994EAF-9038-4D9A-8791-DBC3C866C756}.Release|iPhoneSimulator.ActiveCfg = Release|Any CPU
		{AD994EAF-9038-4D9A-8791-DBC3C866C756}.Release|iPhoneSimulator.Build.0 = Release|Any CPU
		{AD994EAF-9038-4D9A-8791-DBC3C866C756}.Release|x64.ActiveCfg = Release|Any CPU
		{AD994EAF-9038-4D9A-8791-DBC3C866C756}.Release|x64.Build.0 = Release|Any CPU
		{AD994EAF-9038-4D9A-8791-DBC3C866C756}.Release|x86.ActiveCfg = Release|Any CPU
		{AD994EAF-9038-4D9A-8791-DBC3C866C756}.Release|x86.Build.0 = Release|Any CPU
		{75C2AF70-2FF4-44EC-92C6-40EA35A60CD0}.Ad-Hoc|Any CPU.ActiveCfg = Release|Any CPU
		{75C2AF70-2FF4-44EC-92C6-40EA35A60CD0}.Ad-Hoc|Any CPU.Build.0 = Release|Any CPU
		{75C2AF70-2FF4-44EC-92C6-40EA35A60CD0}.Ad-Hoc|ARM.ActiveCfg = Release|Any CPU
		{75C2AF70-2FF4-44EC-92C6-40EA35A60CD0}.Ad-Hoc|ARM.Build.0 = Release|Any CPU
		{75C2AF70-2FF4-44EC-92C6-40EA35A60CD0}.Ad-Hoc|iPhone.ActiveCfg = Release|Any CPU
		{75C2AF70-2FF4-44EC-92C6-40EA35A60CD0}.Ad-Hoc|iPhone.Build.0 = Release|Any CPU
		{75C2AF70-2FF4-44EC-92C6-40EA35A60CD0}.Ad-Hoc|iPhoneSimulator.ActiveCfg = Release|Any CPU
		{75C2AF70-2FF4-44EC-92C6-40EA35A60CD0}.Ad-Hoc|iPhoneSimulator.Build.0 = Release|Any CPU
		{75C2AF70-2FF4-44EC-92C6-40EA35A60CD0}.Ad-Hoc|x64.ActiveCfg = Release|Any CPU
		{75C2AF70-2FF4-44EC-92C6-40EA35A60CD0}.Ad-Hoc|x64.Build.0 = Release|Any CPU
		{75C2AF70-2FF4-44EC-92C6-40EA35A60CD0}.Ad-Hoc|x86.ActiveCfg = Release|Any CPU
		{75C2AF70-2FF4-44EC-92C6-40EA35A60CD0}.Ad-Hoc|x86.Build.0 = Release|Any CPU
		{75C2AF70-2FF4-44EC-92C6-40EA35A60CD0}.AppStore|Any CPU.ActiveCfg = Release|Any CPU
		{75C2AF70-2FF4-44EC-92C6-40EA35A60CD0}.AppStore|Any CPU.Build.0 = Release|Any CPU
		{75C2AF70-2FF4-44EC-92C6-40EA35A60CD0}.AppStore|ARM.ActiveCfg = Release|Any CPU
		{75C2AF70-2FF4-44EC-92C6-40EA35A60CD0}.AppStore|ARM.Build.0 = Release|Any CPU
		{75C2AF70-2FF4-44EC-92C6-40EA35A60CD0}.AppStore|iPhone.ActiveCfg = Release|Any CPU
		{75C2AF70-2FF4-44EC-92C6-40EA35A60CD0}.AppStore|iPhone.Build.0 = Release|Any CPU
		{75C2AF70-2FF4-44EC-92C6-40EA35A60CD0}.AppStore|iPhoneSimulator.ActiveCfg = Release|Any CPU
		{75C2AF70-2FF4-44EC-92C6-40EA35A60CD0}.AppStore|iPhoneSimulator.Build.0 = Release|Any CPU
		{75C2AF70-2FF4-44EC-92C6-40EA35A60CD0}.AppStore|x64.ActiveCfg = Release|Any CPU
		{75C2AF70-2FF4-44EC-92C6-40EA35A60CD0}.AppStore|x64.Build.0 = Release|Any CPU
		{75C2AF70-2FF4-44EC-92C6-40EA35A60CD0}.AppStore|x86.ActiveCfg = Release|Any CPU
		{75C2AF70-2FF4-44EC-92C6-40EA35A60CD0}.AppStore|x86.Build.0 = Release|Any CPU
		{75C2AF70-2FF4-44EC-92C6-40EA35A60CD0}.Debug|Any CPU.ActiveCfg = Debug|Any CPU
		{75C2AF70-2FF4-44EC-92C6-40EA35A60CD0}.Debug|Any CPU.Build.0 = Debug|Any CPU
		{75C2AF70-2FF4-44EC-92C6-40EA35A60CD0}.Debug|ARM.ActiveCfg = Debug|Any CPU
		{75C2AF70-2FF4-44EC-92C6-40EA35A60CD0}.Debug|ARM.Build.0 = Debug|Any CPU
		{75C2AF70-2FF4-44EC-92C6-40EA35A60CD0}.Debug|iPhone.ActiveCfg = Debug|Any CPU
		{75C2AF70-2FF4-44EC-92C6-40EA35A60CD0}.Debug|iPhone.Build.0 = Debug|Any CPU
		{75C2AF70-2FF4-44EC-92C6-40EA35A60CD0}.Debug|iPhoneSimulator.ActiveCfg = Debug|Any CPU
		{75C2AF70-2FF4-44EC-92C6-40EA35A60CD0}.Debug|iPhoneSimulator.Build.0 = Debug|Any CPU
		{75C2AF70-2FF4-44EC-92C6-40EA35A60CD0}.Debug|x64.ActiveCfg = Debug|Any CPU
		{75C2AF70-2FF4-44EC-92C6-40EA35A60CD0}.Debug|x64.Build.0 = Debug|Any CPU
		{75C2AF70-2FF4-44EC-92C6-40EA35A60CD0}.Debug|x86.ActiveCfg = Debug|Any CPU
		{75C2AF70-2FF4-44EC-92C6-40EA35A60CD0}.Debug|x86.Build.0 = Debug|Any CPU
		{75C2AF70-2FF4-44EC-92C6-40EA35A60CD0}.Release|Any CPU.ActiveCfg = Release|Any CPU
		{75C2AF70-2FF4-44EC-92C6-40EA35A60CD0}.Release|Any CPU.Build.0 = Release|Any CPU
		{75C2AF70-2FF4-44EC-92C6-40EA35A60CD0}.Release|ARM.ActiveCfg = Release|Any CPU
		{75C2AF70-2FF4-44EC-92C6-40EA35A60CD0}.Release|ARM.Build.0 = Release|Any CPU
		{75C2AF70-2FF4-44EC-92C6-40EA35A60CD0}.Release|iPhone.ActiveCfg = Release|Any CPU
		{75C2AF70-2FF4-44EC-92C6-40EA35A60CD0}.Release|iPhone.Build.0 = Release|Any CPU
		{75C2AF70-2FF4-44EC-92C6-40EA35A60CD0}.Release|iPhoneSimulator.ActiveCfg = Release|Any CPU
		{75C2AF70-2FF4-44EC-92C6-40EA35A60CD0}.Release|iPhoneSimulator.Build.0 = Release|Any CPU
		{75C2AF70-2FF4-44EC-92C6-40EA35A60CD0}.Release|x64.ActiveCfg = Release|Any CPU
		{75C2AF70-2FF4-44EC-92C6-40EA35A60CD0}.Release|x64.Build.0 = Release|Any CPU
		{75C2AF70-2FF4-44EC-92C6-40EA35A60CD0}.Release|x86.ActiveCfg = Release|Any CPU
		{75C2AF70-2FF4-44EC-92C6-40EA35A60CD0}.Release|x86.Build.0 = Release|Any CPU
		{0870AAA0-EECE-401E-B532-0656461A647F}.Ad-Hoc|Any CPU.ActiveCfg = Release|x86
		{0870AAA0-EECE-401E-B532-0656461A647F}.Ad-Hoc|Any CPU.Build.0 = Release|x86
		{0870AAA0-EECE-401E-B532-0656461A647F}.Ad-Hoc|Any CPU.Deploy.0 = Release|x86
		{0870AAA0-EECE-401E-B532-0656461A647F}.Ad-Hoc|ARM.ActiveCfg = Release|ARM
		{0870AAA0-EECE-401E-B532-0656461A647F}.Ad-Hoc|ARM.Build.0 = Release|ARM
		{0870AAA0-EECE-401E-B532-0656461A647F}.Ad-Hoc|ARM.Deploy.0 = Release|ARM
		{0870AAA0-EECE-401E-B532-0656461A647F}.Ad-Hoc|iPhone.ActiveCfg = Release|x86
		{0870AAA0-EECE-401E-B532-0656461A647F}.Ad-Hoc|iPhone.Build.0 = Release|x86
		{0870AAA0-EECE-401E-B532-0656461A647F}.Ad-Hoc|iPhone.Deploy.0 = Release|x86
		{0870AAA0-EECE-401E-B532-0656461A647F}.Ad-Hoc|iPhoneSimulator.ActiveCfg = Release|x86
		{0870AAA0-EECE-401E-B532-0656461A647F}.Ad-Hoc|iPhoneSimulator.Build.0 = Release|x86
		{0870AAA0-EECE-401E-B532-0656461A647F}.Ad-Hoc|iPhoneSimulator.Deploy.0 = Release|x86
		{0870AAA0-EECE-401E-B532-0656461A647F}.Ad-Hoc|x64.ActiveCfg = Release|x64
		{0870AAA0-EECE-401E-B532-0656461A647F}.Ad-Hoc|x64.Build.0 = Release|x64
		{0870AAA0-EECE-401E-B532-0656461A647F}.Ad-Hoc|x64.Deploy.0 = Release|x64
		{0870AAA0-EECE-401E-B532-0656461A647F}.Ad-Hoc|x86.ActiveCfg = Release|x86
		{0870AAA0-EECE-401E-B532-0656461A647F}.Ad-Hoc|x86.Build.0 = Release|x86
		{0870AAA0-EECE-401E-B532-0656461A647F}.Ad-Hoc|x86.Deploy.0 = Release|x86
		{0870AAA0-EECE-401E-B532-0656461A647F}.AppStore|Any CPU.ActiveCfg = Release|x86
		{0870AAA0-EECE-401E-B532-0656461A647F}.AppStore|Any CPU.Build.0 = Release|x86
		{0870AAA0-EECE-401E-B532-0656461A647F}.AppStore|Any CPU.Deploy.0 = Release|x86
		{0870AAA0-EECE-401E-B532-0656461A647F}.AppStore|ARM.ActiveCfg = Release|ARM
		{0870AAA0-EECE-401E-B532-0656461A647F}.AppStore|ARM.Build.0 = Release|ARM
		{0870AAA0-EECE-401E-B532-0656461A647F}.AppStore|ARM.Deploy.0 = Release|ARM
		{0870AAA0-EECE-401E-B532-0656461A647F}.AppStore|iPhone.ActiveCfg = Release|x86
		{0870AAA0-EECE-401E-B532-0656461A647F}.AppStore|iPhone.Build.0 = Release|x86
		{0870AAA0-EECE-401E-B532-0656461A647F}.AppStore|iPhone.Deploy.0 = Release|x86
		{0870AAA0-EECE-401E-B532-0656461A647F}.AppStore|iPhoneSimulator.ActiveCfg = Release|x86
		{0870AAA0-EECE-401E-B532-0656461A647F}.AppStore|iPhoneSimulator.Build.0 = Release|x86
		{0870AAA0-EECE-401E-B532-0656461A647F}.AppStore|iPhoneSimulator.Deploy.0 = Release|x86
		{0870AAA0-EECE-401E-B532-0656461A647F}.AppStore|x64.ActiveCfg = Release|x64
		{0870AAA0-EECE-401E-B532-0656461A647F}.AppStore|x64.Build.0 = Release|x64
		{0870AAA0-EECE-401E-B532-0656461A647F}.AppStore|x64.Deploy.0 = Release|x64
		{0870AAA0-EECE-401E-B532-0656461A647F}.AppStore|x86.ActiveCfg = Release|x86
		{0870AAA0-EECE-401E-B532-0656461A647F}.AppStore|x86.Build.0 = Release|x86
		{0870AAA0-EECE-401E-B532-0656461A647F}.AppStore|x86.Deploy.0 = Release|x86
		{0870AAA0-EECE-401E-B532-0656461A647F}.Debug|Any CPU.ActiveCfg = Debug|x86
		{0870AAA0-EECE-401E-B532-0656461A647F}.Debug|Any CPU.Build.0 = Debug|x86
		{0870AAA0-EECE-401E-B532-0656461A647F}.Debug|Any CPU.Deploy.0 = Debug|x86
		{0870AAA0-EECE-401E-B532-0656461A647F}.Debug|ARM.ActiveCfg = Debug|ARM
		{0870AAA0-EECE-401E-B532-0656461A647F}.Debug|ARM.Build.0 = Debug|ARM
		{0870AAA0-EECE-401E-B532-0656461A647F}.Debug|ARM.Deploy.0 = Debug|ARM
		{0870AAA0-EECE-401E-B532-0656461A647F}.Debug|iPhone.ActiveCfg = Debug|x86
		{0870AAA0-EECE-401E-B532-0656461A647F}.Debug|iPhoneSimulator.ActiveCfg = Debug|x86
		{0870AAA0-EECE-401E-B532-0656461A647F}.Debug|x64.ActiveCfg = Debug|x64
		{0870AAA0-EECE-401E-B532-0656461A647F}.Debug|x64.Build.0 = Debug|x64
		{0870AAA0-EECE-401E-B532-0656461A647F}.Debug|x64.Deploy.0 = Debug|x64
		{0870AAA0-EECE-401E-B532-0656461A647F}.Debug|x86.ActiveCfg = Debug|x86
		{0870AAA0-EECE-401E-B532-0656461A647F}.Debug|x86.Build.0 = Debug|x86
		{0870AAA0-EECE-401E-B532-0656461A647F}.Debug|x86.Deploy.0 = Debug|x86
		{0870AAA0-EECE-401E-B532-0656461A647F}.Release|Any CPU.ActiveCfg = Release|x86
		{0870AAA0-EECE-401E-B532-0656461A647F}.Release|Any CPU.Build.0 = Release|x86
		{0870AAA0-EECE-401E-B532-0656461A647F}.Release|Any CPU.Deploy.0 = Release|x86
		{0870AAA0-EECE-401E-B532-0656461A647F}.Release|ARM.ActiveCfg = Release|ARM
		{0870AAA0-EECE-401E-B532-0656461A647F}.Release|ARM.Build.0 = Release|ARM
		{0870AAA0-EECE-401E-B532-0656461A647F}.Release|ARM.Deploy.0 = Release|ARM
		{0870AAA0-EECE-401E-B532-0656461A647F}.Release|iPhone.ActiveCfg = Release|x86
		{0870AAA0-EECE-401E-B532-0656461A647F}.Release|iPhoneSimulator.ActiveCfg = Release|x86
		{0870AAA0-EECE-401E-B532-0656461A647F}.Release|x64.ActiveCfg = Release|x64
		{0870AAA0-EECE-401E-B532-0656461A647F}.Release|x64.Build.0 = Release|x64
		{0870AAA0-EECE-401E-B532-0656461A647F}.Release|x64.Deploy.0 = Release|x64
		{0870AAA0-EECE-401E-B532-0656461A647F}.Release|x86.ActiveCfg = Release|x86
		{0870AAA0-EECE-401E-B532-0656461A647F}.Release|x86.Build.0 = Release|x86
		{0870AAA0-EECE-401E-B532-0656461A647F}.Release|x86.Deploy.0 = Release|x86
	EndGlobalSection
	GlobalSection(SolutionProperties) = preSolution
		HideSolutionNode = FALSE
	EndGlobalSection
	GlobalSection(MonoDevelopProperties) = preSolution
		Policies = $0
		$0.DotNetNamingPolicy = $1
		$1.DirectoryNamespaceAssociation = PrefixedHierarchical
		$1.ResourceNamePolicy = FileFormatDefault
	EndGlobalSection
EndGlobal
